// !$*UTF8*$!
{
	archiveVersion = 1;
	classes = {
	};
	objectVersion = 77;
	objects = {

/* Begin PBXBuildFile section */
		0E446B6EFFB0E00F60BCAC9D /* Assets.xcassets in Resources */ = {isa = PBXBuildFile; fileRef = A2CCF8B44521ED2C2A80D822 /* Assets.xcassets */; };
		1C0C2CC4F85416E949B2C561 /* CapsLockFix.swift in Sources */ = {isa = PBXBuildFile; fileRef = C3042CC6E677DBA5519A1F3C /* CapsLockFix.swift */; };
		E913BC86527B3E41F46DC161 /* main.swift in Sources */ = {isa = PBXBuildFile; fileRef = A6A755F64FBFF988922C94EA /* main.swift */; };
/* End PBXBuildFile section */

/* Begin PBXFileReference section */
		A2CCF8B44521ED2C2A80D822 /* Assets.xcassets */ = {isa = PBXFileReference; lastKnownFileType = folder.assetcatalog; path = Assets.xcassets; sourceTree = "<group>"; };
		A6A755F64FBFF988922C94EA /* main.swift */ = {isa = PBXFileReference; lastKnownFileType = sourcecode.swift; path = main.swift; sourceTree = "<group>"; };
		A9F16FFB951E28749D733155 /* CapsLockFix.app */ = {isa = PBXFileReference; explicitFileType = wrapper.application; includeInIndex = 0; path = CapsLockFix.app; sourceTree = BUILT_PRODUCTS_DIR; };
		C3042CC6E677DBA5519A1F3C /* CapsLockFix.swift */ = {isa = PBXFileReference; lastKnownFileType = sourcecode.swift; path = CapsLockFix.swift; sourceTree = "<group>"; };
/* End PBXFileReference section */

/* Begin PBXGroup section */
		8B59E636A13BA718DA5A7864 /* Resources */ = {
			isa = PBXGroup;
			children = (
				A2CCF8B44521ED2C2A80D822 /* Assets.xcassets */,
			);
			path = Resources;
			sourceTree = "<group>";
		};
		C3D10806FE1D2E8E6CAB7F3F = {
			isa = PBXGroup;
			children = (
				D21413E3886FA68AB3ADD1F8 /* CapsLockFix */,
				8B59E636A13BA718DA5A7864 /* Resources */,
				CB941C982937FC16ADC76ACE /* Products */,
			);
			sourceTree = "<group>";
		};
		CB941C982937FC16ADC76ACE /* Products */ = {
			isa = PBXGroup;
			children = (
				A9F16FFB951E28749D733155 /* CapsLockFix.app */,
			);
			name = Products;
			sourceTree = "<group>";
		};
		D21413E3886FA68AB3ADD1F8 /* CapsLockFix */ = {
			isa = PBXGroup;
			children = (
				C3042CC6E677DBA5519A1F3C /* CapsLockFix.swift */,
				A6A755F64FBFF988922C94EA /* main.swift */,
			);
			name = CapsLockFix;
			path = Sources/CapsLockFix;
			sourceTree = "<group>";
		};
/* End PBXGroup section */

/* Begin PBXNativeTarget section */
		EFE32BF0FE869B2305D21981 /* CapsLockFix */ = {
			isa = PBXNativeTarget;
			buildConfigurationList = 513D1105AD36B1F6744EC162 /* Build configuration list for PBXNativeTarget "CapsLockFix" */;
			buildPhases = (
				2B68686C68BA225B2D47B3D7 /* Sources */,
				8871DBA937E5241DBC14E164 /* Resources */,
			);
			buildRules = (
			);
			dependencies = (
			);
			name = CapsLockFix;
			packageProductDependencies = (
			);
			productName = CapsLockFix;
			productReference = A9F16FFB951E28749D733155 /* CapsLockFix.app */;
			productType = "com.apple.product-type.application";
		};
/* End PBXNativeTarget section */

/* Begin PBXProject section */
		D9F1ED2C44BA3EF379BEAFD8 /* Project object */ = {
			isa = PBXProject;
			attributes = {
				BuildIndependentTargetsInParallel = YES;
				LastUpgradeCheck = 1430;
			};
			buildConfigurationList = 4D23892DFF401F3555128FF5 /* Build configuration list for PBXProject "CapsLockFix" */;
			compatibilityVersion = "Xcode 14.0";
			developmentRegion = en;
			hasScannedForEncodings = 0;
			knownRegions = (
				Base,
				en,
			);
			mainGroup = C3D10806FE1D2E8E6CAB7F3F;
			minimizedProjectReferenceProxies = 1;
			preferredProjectObjectVersion = 77;
			projectDirPath = "";
			projectRoot = "";
			targets = (
				EFE32BF0FE869B2305D21981 /* CapsLockFix */,
			);
		};
/* End PBXProject section */

/* Begin PBXResourcesBuildPhase section */
		8871DBA937E5241DBC14E164 /* Resources */ = {
			isa = PBXResourcesBuildPhase;
			buildActionMask = 2147483647;
			files = (
				0E446B6EFFB0E00F60BCAC9D /* Assets.xcassets in Resources */,
			);
			runOnlyForDeploymentPostprocessing = 0;
		};
/* End PBXResourcesBuildPhase section */

/* Begin PBXSourcesBuildPhase section */
		2B68686C68BA225B2D47B3D7 /* Sources */ = {
			isa = PBXSourcesBuildPhase;
			buildActionMask = 2147483647;
			files = (
				1C0C2CC4F85416E949B2C561 /* CapsLockFix.swift in Sources */,
				E913BC86527B3E41F46DC161 /* main.swift in Sources */,
			);
			runOnlyForDeploymentPostprocessing = 0;
		};
/* End PBXSourcesBuildPhase section */

/* Begin XCBuildConfiguration section */
		377466BE004385BE352FE459 /* Release */ = {
			isa = XCBuildConfiguration;
			buildSettings = {
				ASSETCATALOG_COMPILER_APPICON_NAME = AppIcon;
				COMBINE_HIDPI_IMAGES = YES;
				ENABLE_DEBUG_DYLIB = NO;
				GENERATE_INFOPLIST_FILE = NO;
				INFOPLIST_FILE = Resources/Info.plist;
				INFOPLIST_KEY_CFBundleIconName = AppIcon;
				INFOPLIST_KEY_LSMinimumSystemVersion = 13.0;
				INFOPLIST_KEY_LSUIElement = NO;
				INFOPLIST_KEY_NSHighResolutionCapable = YES;
				LD_RUNPATH_SEARCH_PATHS = (
					"$(inherited)",
					"@executable_path/../Frameworks",
				);
				MACOSX_DEPLOYMENT_TARGET = 13.0;
				PRODUCT_BUNDLE_IDENTIFIER = com.weimingchen.capslockfix;
				PRODUCT_NAME = CapsLockFix;
				SDKROOT = macosx;
			};
			name = Release;
		};
		6A07CD5CF1EF74CA16992D91 /* Debug */ = {
			isa = XCBuildConfiguration;
			buildSettings = {
				ALWAYS_SEARCH_USER_PATHS = NO;
				CLANG_ANALYZER_NONNULL = YES;
				CLANG_ANALYZER_NUMBER_OBJECT_CONVERSION = YES_AGGRESSIVE;
				CLANG_CXX_LANGUAGE_STANDARD = "gnu++14";
				CLANG_CXX_LIBRARY = "libc++";
				CLANG_ENABLE_MODULES = YES;
				CLANG_ENABLE_OBJC_ARC = YES;
				CLANG_ENABLE_OBJC_WEAK = YES;
				CLANG_WARN_BLOCK_CAPTURE_AUTORELEASING = YES;
				CLANG_WARN_BOOL_CONVERSION = YES;
				CLANG_WARN_COMMA = YES;
				CLANG_WARN_CONSTANT_CONVERSION = YES;
				CLANG_WARN_DEPRECATED_OBJC_IMPLEMENTATIONS = YES;
				CLANG_WARN_DIRECT_OBJC_ISA_USAGE = YES_ERROR;
				CLANG_WARN_DOCUMENTATION_COMMENTS = YES;
				CLANG_WARN_EMPTY_BODY = YES;
				CLANG_WARN_ENUM_CONVERSION = YES;
				CLANG_WARN_INFINITE_RECURSION = YES;
				CLANG_WARN_INT_CONVERSION = YES;
				CLANG_WARN_NON_LITERAL_NULL_CONVERSION = YES;
				CLANG_WARN_OBJC_IMPLICIT_RETAIN_SELF = YES;
				CLANG_WARN_OBJC_LITERAL_CONVERSION = YES;
				CLANG_WARN_OBJC_ROOT_CLASS = YES_ERROR;
				CLANG_WARN_QUOTED_INCLUDE_IN_FRAMEWORK_HEADER = YES;
				CLANG_WARN_RANGE_LOOP_ANALYSIS = YES;
				CLANG_WARN_STRICT_PROTOTYPES = YES;
				CLANG_WARN_SUSPICIOUS_MOVE = YES;
				CLANG_WARN_UNGUARDED_AVAILABILITY = YES_AGGRESSIVE;
				CLANG_WARN_UNREACHABLE_CODE = YES;
				CLANG_WARN__DUPLICATE_METHOD_MATCH = YES;
				COPY_PHASE_STRIP = NO;
				DEBUG_INFORMATION_FORMAT = dwarf;
				ENABLE_STRICT_OBJC_MSGSEND = YES;
				ENABLE_TESTABILITY = YES;
				GCC_C_LANGUAGE_STANDARD = gnu11;
				GCC_DYNAMIC_NO_PIC = NO;
				GCC_NO_COMMON_BLOCKS = YES;
				GCC_OPTIMIZATION_LEVEL = 0;
				GCC_PREPROCESSOR_DEFINITIONS = (
					"$(inherited)",
					"DEBUG=1",
				);
				GCC_WARN_64_TO_32_BIT_CONVERSION = YES;
				GCC_WARN_ABOUT_RETURN_TYPE = YES_ERROR;
				GCC_WARN_UNDECLARED_SELECTOR = YES;
				GCC_WARN_UNINITIALIZED_AUTOS = YES_AGGRESSIVE;
				GCC_WARN_UNUSED_FUNCTION = YES;
				GCC_WARN_UNUSED_VARIABLE = YES;
				MTL_ENABLE_DEBUG_INFO = INCLUDE_SOURCE;
				MTL_FAST_MATH = YES;
				ONLY_ACTIVE_ARCH = YES;
				PRODUCT_NAME = "$(TARGET_NAME)";
				SDKROOT = macosx;
				SWIFT_ACTIVE_COMPILATION_CONDITIONS = DEBUG;
				SWIFT_OPTIMIZATION_LEVEL = "-Onone";
				SWIFT_VERSION = 6.0;
			};
			name = Debug;
		};
		8D67D1E7C2DF3B1792206284 /* Release */ = {
			isa = XCBuildConfiguration;
			buildSettings = {
				ALWAYS_SEARCH_USER_PATHS = NO;
				CLANG_ANALYZER_NONNULL = YES;
				CLANG_ANALYZER_NUMBER_OBJECT_CONVERSION = YES_AGGRESSIVE;
				CLANG_CXX_LANGUAGE_STANDARD = "gnu++14";
				CLANG_CXX_LIBRARY = "libc++";
				CLANG_ENABLE_MODULES = YES;
				CLANG_ENABLE_OBJC_ARC = YES;
				CLANG_ENABLE_OBJC_WEAK = YES;
				CLANG_WARN_BLOCK_CAPTURE_AUTORELEASING = YES;
				CLANG_WARN_BOOL_CONVERSION = YES;
				CLANG_WARN_COMMA = YES;
				CLANG_WARN_CONSTANT_CONVERSION = YES;
				CLANG_WARN_DEPRECATED_OBJC_IMPLEMENTATIONS = YES;
				CLANG_WARN_DIRECT_OBJC_ISA_USAGE = YES_ERROR;
				CLANG_WARN_DOCUMENTATION_COMMENTS = YES;
				CLANG_WARN_EMPTY_BODY = YES;
				CLANG_WARN_ENUM_CONVERSION = YES;
				CLANG_WARN_INFINITE_RECURSION = YES;
				CLANG_WARN_INT_CONVERSION = YES;
				CLANG_WARN_NON_LITERAL_NULL_CONVERSION = YES;
				CLANG_WARN_OBJC_IMPLICIT_RETAIN_SELF = YES;
				CLANG_WARN_OBJC_LITERAL_CONVERSION = YES;
				CLANG_WARN_OBJC_ROOT_CLASS = YES_ERROR;
				CLANG_WARN_QUOTED_INCLUDE_IN_FRAMEWORK_HEADER = YES;
				CLANG_WARN_RANGE_LOOP_ANALYSIS = YES;
				CLANG_WARN_STRICT_PROTOTYPES = YES;
				CLANG_WARN_SUSPICIOUS_MOVE = YES;
				CLANG_WARN_UNGUARDED_AVAILABILITY = YES_AGGRESSIVE;
				CLANG_WARN_UNREACHABLE_CODE = YES;
				CLANG_WARN__DUPLICATE_METHOD_MATCH = YES;
				COPY_PHASE_STRIP = NO;
				DEBUG_INFORMATION_FORMAT = "dwarf-with-dsym";
				ENABLE_NS_ASSERTIONS = NO;
				ENABLE_STRICT_OBJC_MSGSEND = YES;
				GCC_C_LANGUAGE_STANDARD = gnu11;
				GCC_NO_COMMON_BLOCKS = YES;
				GCC_WARN_64_TO_32_BIT_CONVERSION = YES;
				GCC_WARN_ABOUT_RETURN_TYPE = YES_ERROR;
				GCC_WARN_UNDECLARED_SELECTOR = YES;
				GCC_WARN_UNINITIALIZED_AUTOS = YES_AGGRESSIVE;
				GCC_WARN_UNUSED_FUNCTION = YES;
				GCC_WARN_UNUSED_VARIABLE = YES;
				MTL_ENABLE_DEBUG_INFO = NO;
				MTL_FAST_MATH = YES;
				PRODUCT_NAME = "$(TARGET_NAME)";
				SDKROOT = macosx;
				SWIFT_COMPILATION_MODE = wholemodule;
				SWIFT_OPTIMIZATION_LEVEL = "-O";
				SWIFT_VERSION = 6.0;
			};
			name = Release;
		};
		A16A71413275EFB24F924210 /* Debug */ = {
			isa = XCBuildConfiguration;
			buildSettings = {
				ASSETCATALOG_COMPILER_APPICON_NAME = AppIcon;
				COMBINE_HIDPI_IMAGES = YES;
				ENABLE_DEBUG_DYLIB = NO;
				GENERATE_INFOPLIST_FILE = NO;
				INFOPLIST_FILE = Resources/Info.plist;
				INFOPLIST_KEY_CFBundleIconName = AppIcon;
				INFOPLIST_KEY_LSMinimumSystemVersion = 13.0;
				INFOPLIST_KEY_LSUIElement = NO;
				INFOPLIST_KEY_NSHighResolutionCapable = YES;
				LD_RUNPATH_SEARCH_PATHS = (
					"$(inherited)",
					"@executable_path/../Frameworks",
				);
				MACOSX_DEPLOYMENT_TARGET = 13.0;
				PRODUCT_BUNDLE_IDENTIFIER = com.weimingchen.capslockfix;
				PRODUCT_NAME = CapsLockFix;
				SDKROOT = macosx;
			};
			name = Debug;
		};
/* End XCBuildConfiguration section */

/* Begin XCConfigurationList section */
		4D23892DFF401F3555128FF5 /* Build configuration list for PBXProject "CapsLockFix" */ = {
			isa = XCConfigurationList;
			buildConfigurations = (
				6A07CD5CF1EF74CA16992D91 /* Debug */,
				8D67D1E7C2DF3B1792206284 /* Release */,
			);
			defaultConfigurationIsVisible = 0;
			defaultConfigurationName = Debug;
		};
		513D1105AD36B1F6744EC162 /* Build configuration list for PBXNativeTarget "CapsLockFix" */ = {
			isa = XCConfigurationList;
			buildConfigurations = (
				A16A71413275EFB24F924210 /* Debug */,
				377466BE004385BE352FE459 /* Release */,
			);
			defaultConfigurationIsVisible = 0;
			defaultConfigurationName = Debug;
		};
/* End XCConfigurationList section */
	};
	rootObject = D9F1ED2C44BA3EF379BEAFD8 /* Project object */;
}
